
Microsoft Visual Studio Solution File, Format Version 12.00
# Visual Studio Version 17
VisualStudioVersion = 17.9.34622.214
MinimumVisualStudioVersion = 10.0.40219.1
Project("{FAE04EC0-301F-11D3-BF4B-00C04F79EFBC}") = "MathUtilities", "MathUtilities\MathUtilities.csproj", "{3BB338A7-E294-421E-A2C1-E580C06FBC41}"
EndProject
Project("{FAE04EC0-301F-11D3-BF4B-00C04F79EFBC}") = "MathUtilitiesApp", "MathUtilitiesApp\MathUtilitiesApp.csproj", "{6B71F412-DD16-4B62-B8F4-82BC4D7D68D9}"
EndProject
Global
	GlobalSection(SolutionConfigurationPlatforms) = preSolution
		Debug|Any CPU = Debug|Any CPU
		Release|Any CPU = Release|Any CPU
	EndGlobalSection
	GlobalSection(ProjectConfigurationPlatforms) = postSolution
		{3BB338A7-E294-421E-A2C1-E580C06FBC41}.Debug|Any CPU.ActiveCfg = Debug|Any CPU
		{3BB338A7-E294-421E-A2C1-E580C06FBC41}.Debug|Any CPU.Build.0 = Debug|Any CPU
		{3BB338A7-E294-421E-A2C1-E580C06FBC41}.Release|Any CPU.ActiveCfg = Release|Any CPU
		{3BB338A7-E294-421E-A2C1-E580C06FBC41}.Release|Any CPU.Build.0 = Release|Any CPU
		{6B71F412-DD16-4B62-B8F4-82BC4D7D68D9}.Debug|Any CPU.ActiveCfg = Debug|Any CPU
		{6B71F412-DD16-4B62-B8F4-82BC4D7D68D9}.Debug|Any CPU.Build.0 = Debug|Any CPU
		{6B71F412-DD16-4B62-B8F4-82BC4D7D68D9}.Release|Any CPU.ActiveCfg = Release|Any CPU
		{6B71F412-DD16-4B62-B8F4-82BC4D7D68D9}.Release|Any CPU.Build.0 = Release|Any CPU
	EndGlobalSection
	GlobalSection(SolutionProperties) = preSolution
		HideSolutionNode = FALSE
	EndGlobalSection
	GlobalSection(ExtensibilityGlobals) = postSolution
		SolutionGuid = {D97887AA-7366-47BF-8EFB-136F78CFBC82}
	EndGlobalSection
EndGlobal
