
Microsoft Visual Studio Solution File, Format Version 12.00
# Visual Studio Version 17
VisualStudioVersion = 17.9.34622.214
MinimumVisualStudioVersion = 10.0.40219.1
Project("{9A19103F-16F7-4668-BE54-9A1E7A4F7556}") = "CompanyReportApp", "CompanyReportApp\CompanyReportApp.csproj", "{5A1F9312-EC84-49C3-AA70-F5446A99E9A8}"
EndProject
Project("{9A19103F-16F7-4668-BE54-9A1E7A4F7556}") = "CompanyB", "CompanyB\CompanyB.csproj", "{0D29C531-13B6-4208-BB05-230F55946C17}"
EndProject
Project("{FAE04EC0-301F-11D3-BF4B-00C04F79EFBC}") = "CompanyA", "CompanyA\CompanyA.csproj", "{6822FCC6-80D3-4BA5-8067-949B2C4CBFD9}"
EndProject
Global
	GlobalSection(SolutionConfigurationPlatforms) = preSolution
		Debug|Any CPU = Debug|Any CPU
		Release|Any CPU = Release|Any CPU
	EndGlobalSection
	GlobalSection(ProjectConfigurationPlatforms) = postSolution
		{5A1F9312-EC84-49C3-AA70-F5446A99E9A8}.Debug|Any CPU.ActiveCfg = Debug|Any CPU
		{5A1F9312-EC84-49C3-AA70-F5446A99E9A8}.Debug|Any CPU.Build.0 = Debug|Any CPU
		{5A1F9312-EC84-49C3-AA70-F5446A99E9A8}.Release|Any CPU.ActiveCfg = Release|Any CPU
		{5A1F9312-EC84-49C3-AA70-F5446A99E9A8}.Release|Any CPU.Build.0 = Release|Any CPU
		{0D29C531-13B6-4208-BB05-230F55946C17}.Debug|Any CPU.ActiveCfg = Debug|Any CPU
		{0D29C531-13B6-4208-BB05-230F55946C17}.Debug|Any CPU.Build.0 = Debug|Any CPU
		{0D29C531-13B6-4208-BB05-230F55946C17}.Release|Any CPU.ActiveCfg = Release|Any CPU
		{0D29C531-13B6-4208-BB05-230F55946C17}.Release|Any CPU.Build.0 = Release|Any CPU
		{6822FCC6-80D3-4BA5-8067-949B2C4CBFD9}.Debug|Any CPU.ActiveCfg = Debug|Any CPU
		{6822FCC6-80D3-4BA5-8067-949B2C4CBFD9}.Debug|Any CPU.Build.0 = Debug|Any CPU
		{6822FCC6-80D3-4BA5-8067-949B2C4CBFD9}.Release|Any CPU.ActiveCfg = Release|Any CPU
		{6822FCC6-80D3-4BA5-8067-949B2C4CBFD9}.Release|Any CPU.Build.0 = Release|Any CPU
	EndGlobalSection
	GlobalSection(SolutionProperties) = preSolution
		HideSolutionNode = FALSE
	EndGlobalSection
	GlobalSection(ExtensibilityGlobals) = postSolution
		SolutionGuid = {7108D0DA-F7B1-4A94-BCC6-D4DD46325232}
	EndGlobalSection
EndGlobal
