
Microsoft Visual Studio Solution File, Format Version 12.00
# Visual Studio Version 17
VisualStudioVersion = 17.9.34622.214
MinimumVisualStudioVersion = 10.0.40219.1
Project("{FAE04EC0-301F-11D3-BF4B-00C04F79EFBC}") = "day3", "day3\day3.csproj", "{CBD72125-4C92-4BF0-BE3C-2133EE1395AE}"
EndProject
Global
	GlobalSection(SolutionConfigurationPlatforms) = preSolution
		Debug|Any CPU = Debug|Any CPU
		Release|Any CPU = Release|Any CPU
	EndGlobalSection
	GlobalSection(ProjectConfigurationPlatforms) = postSolution
		{CBD72125-4C92-4BF0-BE3C-2133EE1395AE}.Debug|Any CPU.ActiveCfg = Debug|Any CPU
		{CBD72125-4C92-4BF0-BE3C-2133EE1395AE}.Debug|Any CPU.Build.0 = Debug|Any CPU
		{CBD72125-4C92-4BF0-BE3C-2133EE1395AE}.Release|Any CPU.ActiveCfg = Release|Any CPU
		{CBD72125-4C92-4BF0-BE3C-2133EE1395AE}.Release|Any CPU.Build.0 = Release|Any CPU
	EndGlobalSection
	GlobalSection(SolutionProperties) = preSolution
		HideSolutionNode = FALSE
	EndGlobalSection
	GlobalSection(ExtensibilityGlobals) = postSolution
		SolutionGuid = {00DDBE3A-0F21-444E-93C3-57329069E6A3}
	EndGlobalSection
EndGlobal
