
Microsoft Visual Studio Solution File, Format Version 12.00
# Visual Studio Version 17
VisualStudioVersion = 17.9.34622.214
MinimumVisualStudioVersion = 10.0.40219.1
Project("{FAE04EC0-301F-11D3-BF4B-00C04F79EFBC}") = "CalculatorApp", "CalculatorApp\CalculatorApp.csproj", "{0331D599-B648-438D-B71C-E57FF6600CFD}"
EndProject
Global
	GlobalSection(SolutionConfigurationPlatforms) = preSolution
		Debug|Any CPU = Debug|Any CPU
		Release|Any CPU = Release|Any CPU
	EndGlobalSection
	GlobalSection(ProjectConfigurationPlatforms) = postSolution
		{0331D599-B648-438D-B71C-E57FF6600CFD}.Debug|Any CPU.ActiveCfg = Debug|Any CPU
		{0331D599-B648-438D-B71C-E57FF6600CFD}.Debug|Any CPU.Build.0 = Debug|Any CPU
		{0331D599-B648-438D-B71C-E57FF6600CFD}.Release|Any CPU.ActiveCfg = Release|Any CPU
		{0331D599-B648-438D-B71C-E57FF6600CFD}.Release|Any CPU.Build.0 = Release|Any CPU
	EndGlobalSection
	GlobalSection(SolutionProperties) = preSolution
		HideSolutionNode = FALSE
	EndGlobalSection
	GlobalSection(ExtensibilityGlobals) = postSolution
		SolutionGuid = {F4C5885A-4102-4210-8259-7359B3F6BC4C}
	EndGlobalSection
EndGlobal
